
Microsoft Visual Studio Solution File, Format Version 12.00
# Visual Studio Version 17
VisualStudioVersion = 17.9.34607.119
MinimumVisualStudioVersion = 10.0.40219.1
Project("{FAE04EC0-301F-11D3-BF4B-00C04F79EFBC}") = "WorkerService1", "WorkerService1\WorkerService1.csproj", "{81B7C46D-2181-4486-966F-440221D632AA}"
EndProject
Global
	GlobalSection(SolutionConfigurationPlatforms) = preSolution
		Debug|Any CPU = Debug|Any CPU
		Release|Any CPU = Release|Any CPU
	EndGlobalSection
	GlobalSection(ProjectConfigurationPlatforms) = postSolution
		{81B7C46D-2181-4486-966F-440221D632AA}.Debug|Any CPU.ActiveCfg = Debug|Any CPU
		{81B7C46D-2181-4486-966F-440221D632AA}.Debug|Any CPU.Build.0 = Debug|Any CPU
		{81B7C46D-2181-4486-966F-440221D632AA}.Release|Any CPU.ActiveCfg = Release|Any CPU
		{81B7C46D-2181-4486-966F-440221D632AA}.Release|Any CPU.Build.0 = Release|Any CPU
	EndGlobalSection
	GlobalSection(SolutionProperties) = preSolution
		HideSolutionNode = FALSE
	EndGlobalSection
	GlobalSection(ExtensibilityGlobals) = postSolution
		SolutionGuid = {76AA4AE2-0CF7-4E96-A11E-2791719E29F8}
	EndGlobalSection
EndGlobal
